
Microsoft Visual Studio Solution File, Format Version 12.00
# Visual Studio Version 16
VisualStudioVersion = 25.0.1700.7
MinimumVisualStudioVersion = 10.0.40219.1
Project("{FAE04EC0-301F-11D3-BF4B-00C04F79EFBC}") = "MethodOverloading", "MethodOverloading\MethodOverloading.csproj", "{D6CEE5FC-E87B-4AB2-9AB8-94041EAC52DD}"
EndProject
Global
	GlobalSection(SolutionConfigurationPlatforms) = preSolution
		Debug|Any CPU = Debug|Any CPU
		Release|Any CPU = Release|Any CPU
	EndGlobalSection
	GlobalSection(ProjectConfigurationPlatforms) = postSolution
		{D6CEE5FC-E87B-4AB2-9AB8-94041EAC52DD}.Debug|Any CPU.ActiveCfg = Debug|Any CPU
		{D6CEE5FC-E87B-4AB2-9AB8-94041EAC52DD}.Debug|Any CPU.Build.0 = Debug|Any CPU
		{D6CEE5FC-E87B-4AB2-9AB8-94041EAC52DD}.Release|Any CPU.ActiveCfg = Release|Any CPU
		{D6CEE5FC-E87B-4AB2-9AB8-94041EAC52DD}.Release|Any CPU.Build.0 = Release|Any CPU
	EndGlobalSection
	GlobalSection(SolutionProperties) = preSolution
		HideSolutionNode = FALSE
	EndGlobalSection
	GlobalSection(ExtensibilityGlobals) = postSolution
		SolutionGuid = {06ABBD3D-02E4-4A24-925C-EB4836625E21}
	EndGlobalSection
EndGlobal
